
Microsoft Visual Studio Solution File, Format Version 12.00
# Visual Studio 2013
VisualStudioVersion = 12.0.31101.0
MinimumVisualStudioVersion = 10.0.40219.1
Project("{FAE04EC0-301F-11D3-BF4B-00C04F79EFBC}") = "Exercises", "Exercises\Exercises.csproj", "{0471AC60-FFEA-4909-A40D-B6A784381D13}"
EndProject
Project("{FAE04EC0-301F-11D3-BF4B-00C04F79EFBC}") = "Presentations", "Presentations\Presentations.csproj", "{FFF63E78-10AF-4B56-8E32-6E3B6DC5F578}"
EndProject
Project("{2150E333-8FDC-42A3-9474-1A3956D46DE8}") = "Markdown", "Markdown", "{4057FBAA-3B89-4791-A833-D9E25781AA42}"
	ProjectSection(SolutionItems) = preProject
		..\README.md = ..\README.md
	EndProjectSection
EndProject
Global
	GlobalSection(SolutionConfigurationPlatforms) = preSolution
		Debug|Any CPU = Debug|Any CPU
		Release|Any CPU = Release|Any CPU
	EndGlobalSection
	GlobalSection(ProjectConfigurationPlatforms) = postSolution
		{0471AC60-FFEA-4909-A40D-B6A784381D13}.Debug|Any CPU.ActiveCfg = Debug|Any CPU
		{0471AC60-FFEA-4909-A40D-B6A784381D13}.Debug|Any CPU.Build.0 = Debug|Any CPU
		{0471AC60-FFEA-4909-A40D-B6A784381D13}.Release|Any CPU.ActiveCfg = Release|Any CPU
		{0471AC60-FFEA-4909-A40D-B6A784381D13}.Release|Any CPU.Build.0 = Release|Any CPU
		{FFF63E78-10AF-4B56-8E32-6E3B6DC5F578}.Debug|Any CPU.ActiveCfg = Debug|Any CPU
		{FFF63E78-10AF-4B56-8E32-6E3B6DC5F578}.Debug|Any CPU.Build.0 = Debug|Any CPU
		{FFF63E78-10AF-4B56-8E32-6E3B6DC5F578}.Release|Any CPU.ActiveCfg = Release|Any CPU
		{FFF63E78-10AF-4B56-8E32-6E3B6DC5F578}.Release|Any CPU.Build.0 = Release|Any CPU
	EndGlobalSection
	GlobalSection(SolutionProperties) = preSolution
		HideSolutionNode = FALSE
	EndGlobalSection
EndGlobal
